{
  "lockfileVersion": 1,
  "workspaces": {
    "": {
      "name": "catbot",
      "devDependencies": {
        "discord-interactions": "^4.4.0",
        "hono": "^4.10.3",
      },
    },
  },
  "packages": {
    "discord-interactions": ["discord-interactions@4.4.0", "", {}, "sha512-jjJx8iwAeJcj8oEauV43fue9lNqkf38fy60aSs2+G8D1nJmDxUIrk08o3h0F3wgwuBWWJUZO+X/VgfXsxpCiJA=="],

    "hono": ["hono@4.10.3", "", {}, "sha512-2LOYWUbnhdxdL8MNbNg9XZig6k+cZXm5IjHn2Aviv7honhBMOHb+jxrKIeJRZJRmn+htUCKhaicxwXuUDlchRA=="],
  }
}
